
Microsoft Visual Studio Solution File, Format Version 12.00
# Visual Studio Version 17
VisualStudioVersion = 17.14.36121.58 d17.14
MinimumVisualStudioVersion = 10.0.40219.1
Project("{FAE04EC0-301F-11D3-BF4B-00C04F79EFBC}") = "LeetCodeTracker", "LeetCodeTracker\LeetCodeTracker.csproj", "{C12EFD8D-3B6B-4DC8-A07E-9283FA0186ED}"
EndProject
Global
	GlobalSection(SolutionConfigurationPlatforms) = preSolution
		Debug|Any CPU = Debug|Any CPU
		Release|Any CPU = Release|Any CPU
	EndGlobalSection
	GlobalSection(ProjectConfigurationPlatforms) = postSolution
		{C12EFD8D-3B6B-4DC8-A07E-9283FA0186ED}.Debug|Any CPU.ActiveCfg = Debug|Any CPU
		{C12EFD8D-3B6B-4DC8-A07E-9283FA0186ED}.Debug|Any CPU.Build.0 = Debug|Any CPU
		{C12EFD8D-3B6B-4DC8-A07E-9283FA0186ED}.Release|Any CPU.ActiveCfg = Release|Any CPU
		{C12EFD8D-3B6B-4DC8-A07E-9283FA0186ED}.Release|Any CPU.Build.0 = Release|Any CPU
	EndGlobalSection
	GlobalSection(SolutionProperties) = preSolution
		HideSolutionNode = FALSE
	EndGlobalSection
	GlobalSection(ExtensibilityGlobals) = postSolution
		SolutionGuid = {81330371-DC4E-4C5A-8390-1B475ACA67EF}
	EndGlobalSection
EndGlobal
